Microsoft Visual Studio Solution File, Format Version 12.00
# Visual Studio 2012
Project("{FAE04EC0-301F-11D3-BF4B-00C04F79EFBC}") = "sorting-in-godot", "sorting-in-godot.csproj", "{2585ADFE-D69A-4E9E-A022-E214C3D254BF}"
EndProject
Global
	GlobalSection(SolutionConfigurationPlatforms) = preSolution
	Debug|Any CPU = Debug|Any CPU
	ExportDebug|Any CPU = ExportDebug|Any CPU
	ExportRelease|Any CPU = ExportRelease|Any CPU
	EndGlobalSection
	GlobalSection(ProjectConfigurationPlatforms) = postSolution
		{2585ADFE-D69A-4E9E-A022-E214C3D254BF}.Debug|Any CPU.ActiveCfg = Debug|Any CPU
		{2585ADFE-D69A-4E9E-A022-E214C3D254BF}.Debug|Any CPU.Build.0 = Debug|Any CPU
		{2585ADFE-D69A-4E9E-A022-E214C3D254BF}.ExportDebug|Any CPU.ActiveCfg = ExportDebug|Any CPU
		{2585ADFE-D69A-4E9E-A022-E214C3D254BF}.ExportDebug|Any CPU.Build.0 = ExportDebug|Any CPU
		{2585ADFE-D69A-4E9E-A022-E214C3D254BF}.ExportRelease|Any CPU.ActiveCfg = ExportRelease|Any CPU
		{2585ADFE-D69A-4E9E-A022-E214C3D254BF}.ExportRelease|Any CPU.Build.0 = ExportRelease|Any CPU
	EndGlobalSection
EndGlobal
